
Microsoft Visual Studio Solution File, Format Version 12.00
# Visual Studio 15
VisualStudioVersion = 15.0.26403.3
MinimumVisualStudioVersion = 10.0.40219.1
Project("{FAE04EC0-301F-11D3-BF4B-00C04F79EFBC}") = "EmpresaTransporte.Console", "EmpresaTransporte.Console\EmpresaTransporte.Console.csproj", "{B5BC61B4-F1C5-4338-9520-6C91A69BA622}"
EndProject
Project("{FAE04EC0-301F-11D3-BF4B-00C04F79EFBC}") = "EmpresaTransporte.Entities", "EmpresaTransporte.Entities\EmpresaTransporte.Entities.csproj", "{44536244-486F-42EB-97F4-22A6F183E1B4}"
EndProject
Global
	GlobalSection(SolutionConfigurationPlatforms) = preSolution
		Debug|Any CPU = Debug|Any CPU
		Release|Any CPU = Release|Any CPU
	EndGlobalSection
	GlobalSection(ProjectConfigurationPlatforms) = postSolution
		{B5BC61B4-F1C5-4338-9520-6C91A69BA622}.Debug|Any CPU.ActiveCfg = Debug|Any CPU
		{B5BC61B4-F1C5-4338-9520-6C91A69BA622}.Debug|Any CPU.Build.0 = Debug|Any CPU
		{B5BC61B4-F1C5-4338-9520-6C91A69BA622}.Release|Any CPU.ActiveCfg = Release|Any CPU
		{B5BC61B4-F1C5-4338-9520-6C91A69BA622}.Release|Any CPU.Build.0 = Release|Any CPU
		{44536244-486F-42EB-97F4-22A6F183E1B4}.Debug|Any CPU.ActiveCfg = Debug|Any CPU
		{44536244-486F-42EB-97F4-22A6F183E1B4}.Debug|Any CPU.Build.0 = Debug|Any CPU
		{44536244-486F-42EB-97F4-22A6F183E1B4}.Release|Any CPU.ActiveCfg = Release|Any CPU
		{44536244-486F-42EB-97F4-22A6F183E1B4}.Release|Any CPU.Build.0 = Release|Any CPU
	EndGlobalSection
	GlobalSection(SolutionProperties) = preSolution
		HideSolutionNode = FALSE
	EndGlobalSection
EndGlobal
